{
  "nodes": {
    "crane": {
      "locked": {
        "lastModified": 1784172867,
        "narHash": "sha256-hzzeOgTP0MXMvg4djVwysTDvvUXIpsUCgsA0wPMF/Qk=",
        "owner": "ipetkov",
        "repo": "crane",
        "rev": "8833b7dc3c7426ce1110ed6fed31b6f63d74f2dc",
        "type": "github"
      },
      "original": {
        "owner": "ipetkov",
        "repo": "crane",
        "type": "github"
      }
    },
    "nixpkgs": {
      "locked": {
        "lastModified": 1784115452,
        "narHash": "sha256-BoYPdqk6jlKXy+DyUzyGV/CtRGfAhk2MmIgBhsemTGI=",
        "owner": "NixOS",
        "repo": "nixpkgs",
        "rev": "35d3407a3816f3b341d8cf1d60abaf2b7b8166ac",
        "type": "github"
      },
      "original": {
        "owner": "NixOS",
        "ref": "nixpkgs-unstable",
        "repo": "nixpkgs",
        "type": "github"
      }
    },
    "root": {
      "inputs": {
        "crane": "crane",
        "nixpkgs": "nixpkgs",
        "rust-overlay": "rust-overlay"
      }
    },
    "rust-overlay": {
      "inputs": {
        "nixpkgs": [
          "nixpkgs"
        ]
      },
      "locked": {
        "lastModified": 1784216271,
        "narHash": "sha256-bvaxxdk7mmMQ88AuXQGTUtk+PcUujHpgxqpryqTWvTU=",
        "owner": "oxalica",
        "repo": "rust-overlay",
        "rev": "1f69c7203034a4a974d7a4eac0f19b54af30804d",
        "type": "github"
      },
      "original": {
        "owner": "oxalica",
        "repo": "rust-overlay",
        "type": "github"
      }
    }
  },
  "root": "root",
  "version": 7
}
